<?xml version="1.0" encoding="utf-8"?>
<Project ToolsVersion="4.0" xmlns="http://schemas.microsoft.com/developer/msbuild/2003">
  <ItemGroup>
    <Filter Include="Source Files">
      <UniqueIdentifier>{4FC737F1-C7A5-4376-A066-2A32D752A2FF}</UniqueIdentifier>
      <Extensions>cpp;c;cc;cxx;def;odl;idl;hpj;bat;asm;asmx</Extensions>
    </Filter>
    <Filter Include="FX">
      <UniqueIdentifier>{25ee2a3c-b28a-4d54-8689-8e15f1ffe750}</UniqueIdentifier>
    </Filter>
    <Filter Include="Source Files\Camera">
      <UniqueIdentifier>{b702eec3-08b5-43c9-8fba-093ec7ac960e}</UniqueIdentifier>
    </Filter>
    <Filter Include="Source Files\Sprite">
      <UniqueIdentifier>{6fa7c0e2-a878-4983-b914-daeaf51e3ce4}</UniqueIdentifier>
    </Filter>
    <Filter Include="Source Files\Misc">
      <UniqueIdentifier>{7f8edd77-84a0-4889-9260-eed37133d52a}</UniqueIdentifier>
    </Filter>
    <Filter Include="Source Files\Grid">
      <UniqueIdentifier>{047c27aa-0af4-4813-8226-676de04d2ec8}</UniqueIdentifier>
    </Filter>
    <Filter Include="Source Files\Device">
      <UniqueIdentifier>{b9eec18f-fab0-4b6f-91cb-3060b8bf3be5}</UniqueIdentifier>
    </Filter>
    <Filter Include="Source Files\Geo">
      <UniqueIdentifier>{8d48b111-5cd2-456c-b5ff-0af3d344e8f6}</UniqueIdentifier>
    </Filter>
    <Filter Include="Source Files\Common">
      <UniqueIdentifier>{1764169c-e75a-4ef9-ac2e-e0fee61af4ab}</UniqueIdentifier>
    </Filter>
    <Filter Include="Source Files\Physics">
      <UniqueIdentifier>{e9aca407-2788-4dd8-9106-8aa50c890521}</UniqueIdentifier>
    </Filter>
  </ItemGroup>
  <ItemGroup>
    <ClCompile Include="..\src\Camera.cpp">
      <Filter>Source Files\Camera</Filter>
    </ClCompile>
    <ClCompile Include="..\src\Grid.cpp">
      <Filter>Source Files\Grid</Filter>
    </ClCompile>
    <ClCompile Include="..\src\AnimatedSprite.cpp">
      <Filter>Source Files\Sprite</Filter>
    </ClCompile>
    <ClCompile Include="..\src\RenderStateHelper.cpp">
      <Filter>Source Files\Misc</Filter>
    </ClCompile>
    <ClCompile Include="..\src\Timer.cpp">
      <Filter>Source Files\Misc</Filter>
    </ClCompile>
    <ClCompile Include="..\src\GameObject.cpp">
      <Filter>Source Files\Misc</Filter>
    </ClCompile>
    <ClCompile Include="..\src\Graphics.cpp">
      <Filter>Source Files\Device</Filter>
    </ClCompile>
    <ClCompile Include="..\src\DrawableGameObject.cpp">
      <Filter>Source Files\Misc</Filter>
    </ClCompile>
    <ClCompile Include="..\src\GeometryPrimitives.cpp">
      <Filter>Source Files\Geo</Filter>
    </ClCompile>
    <ClCompile Include="..\src\PhysicsDebugDrawer.cpp">
      <Filter>Source Files\Physics</Filter>
    </ClCompile>
  </ItemGroup>
  <ItemGroup>
    <FxCompile Include="..\bin\Fx\Color.fx">
      <Filter>FX</Filter>
    </FxCompile>
  </ItemGroup>
  <ItemGroup>
    <ClInclude Include="..\inc\Common\Audio.h">
      <Filter>Source Files\Common</Filter>
    </ClInclude>
    <ClInclude Include="..\inc\Common\CommonStates.h">
      <Filter>Source Files\Common</Filter>
    </ClInclude>
    <ClInclude Include="..\inc\Common\DDSTextureLoader.h">
      <Filter>Source Files\Common</Filter>
    </ClInclude>
    <ClInclude Include="..\inc\Common\DirectXHelpers.h">
      <Filter>Source Files\Common</Filter>
    </ClInclude>
    <ClInclude Include="..\inc\Common\Effects.h">
      <Filter>Source Files\Common</Filter>
    </ClInclude>
    <ClInclude Include="..\inc\Common\GeometricPrimitive.h">
      <Filter>Source Files\Common</Filter>
    </ClInclude>
    <ClInclude Include="..\inc\Common\Model.h">
      <Filter>Source Files\Common</Filter>
    </ClInclude>
    <ClInclude Include="..\inc\Common\PrimitiveBatch.h">
      <Filter>Source Files\Common</Filter>
    </ClInclude>
    <ClInclude Include="..\inc\Common\ScreenGrab.h">
      <Filter>Source Files\Common</Filter>
    </ClInclude>
    <ClInclude Include="..\inc\Common\SimpleMath.h">
      <Filter>Source Files\Common</Filter>
    </ClInclude>
    <ClInclude Include="..\inc\Common\SpriteBatch.h">
      <Filter>Source Files\Common</Filter>
    </ClInclude>
    <ClInclude Include="..\inc\Common\SpriteFont.h">
      <Filter>Source Files\Common</Filter>
    </ClInclude>
    <ClInclude Include="..\inc\Common\VertexTypes.h">
      <Filter>Source Files\Common</Filter>
    </ClInclude>
    <ClInclude Include="..\inc\Common\WICTextureLoader.h">
      <Filter>Source Files\Common</Filter>
    </ClInclude>
    <ClInclude Include="..\inc\Common\XboxDDSTextureLoader.h">
      <Filter>Source Files\Common</Filter>
    </ClInclude>
    <ClInclude Include="..\inc\Camera.h">
      <Filter>Source Files\Camera</Filter>
    </ClInclude>
    <ClInclude Include="..\inc\Graphics.h">
      <Filter>Source Files\Device</Filter>
    </ClInclude>
    <ClInclude Include="..\inc\GeometryPrimitives.h">
      <Filter>Source Files\Geo</Filter>
    </ClInclude>
    <ClInclude Include="..\inc\Grid.h">
      <Filter>Source Files\Grid</Filter>
    </ClInclude>
    <ClInclude Include="..\inc\DrawableGameObject.h">
      <Filter>Source Files\Misc</Filter>
    </ClInclude>
    <ClInclude Include="..\inc\EngineException.h">
      <Filter>Source Files\Misc</Filter>
    </ClInclude>
    <ClInclude Include="..\inc\GameObject.h">
      <Filter>Source Files\Misc</Filter>
    </ClInclude>
    <ClInclude Include="..\inc\Globals.h">
      <Filter>Source Files\Misc</Filter>
    </ClInclude>
    <ClInclude Include="..\inc\RenderStateHelper.h">
      <Filter>Source Files\Misc</Filter>
    </ClInclude>
    <ClInclude Include="..\inc\RTTI.h">
      <Filter>Source Files\Misc</Filter>
    </ClInclude>
    <ClInclude Include="..\inc\Timer.h">
      <Filter>Source Files\Misc</Filter>
    </ClInclude>
    <ClInclude Include="..\inc\AnimatedSprite.h">
      <Filter>Source Files\Sprite</Filter>
    </ClInclude>
    <ClInclude Include="..\inc\PhysicsDebugDrawer.h">
      <Filter>Source Files\Physics</Filter>
    </ClInclude>
  </ItemGroup>
  <ItemGroup>
    <None Include="..\inc\Common\SimpleMath.inl">
      <Filter>Source Files\Common</Filter>
    </None>
    <None Include="..\bin\Fx\Shader.dgsl">
      <Filter>FX</Filter>
    </None>
  </ItemGroup>
</Project>